{
    "_readme": [
        "This file locks the dependencies of your project to a known state",
        "Read more about it at https://getcomposer.org/doc/01-basic-usage.md#composer-lock-the-lock-file",
        "This file is @generated automatically"
    ],
    "content-hash": "e79f3106705a1a8aaef765b6cd8735c8",
    "packages": [
        {
            "name": "codaxis/cakephp-bootstrap3-helpers",
            "version": "1.1",
            "source": {
                "type": "git",
                "url": "https://github.com/ajfranzoia/cakephp-bootstrap3-helpers.git",
                "reference": "14a3e58059726f21acd087d8c3f8b97ad1be7f42"
            },
            "dist": {
                "type": "zip",
                "url": "https://api.github.com/repos/ajfranzoia/cakephp-bootstrap3-helpers/zipball/14a3e58059726f21acd087d8c3f8b97ad1be7f42",
                "reference": "14a3e58059726f21acd087d8c3f8b97ad1be7f42",
                "shasum": ""
            },
            "require": {
                "php": ">=5.3.0"
            },
            "type": "cakephp-plugin",
            "extra": {
                "installer-name": "Bs3Helpers"
            },
            "notification-url": "https://packagist.org/downloads/",
            "license": [
                "MIT"
            ],
            "authors": [
                {
                    "name": "augusto-cdxs",
                    "email": "augusto@codaxis.com"
                }
            ],
            "description": "CakePHP highly configurable helpers for Bootstrap 3 framework.",
            "homepage": "https://github.com/Codaxis/bootstrap3-helpers",
            "keywords": [
                "bootstrap",
                "cakephp",
                "helper"
            ],
            "time": "2014-07-04T21:40:53+00:00"
        }
    ],
    "packages-dev": [],
    "aliases": [],
    "minimum-stability": "stable",
    "stability-flags": [],
    "prefer-stable": false,
    "prefer-lowest": false,
    "platform": [],
    "platform-dev": []
}
